
Microsoft Visual Studio Solution File, Format Version 12.00
# Visual Studio Version 16
VisualStudioVersion = 16.0.29911.84
MinimumVisualStudioVersion = 10.0.40219.1
Project("{9A19103F-16F7-4668-BE54-9A1E7A4F7556}") = "eauction", "eauction.csproj", "{DCFFE788-DB87-435E-8617-C0092AFBADE6}"
EndProject
Project("{2150E333-8FDC-42A3-9474-1A3956D46DE8}") = "DAL", "DAL", "{F558CD8B-05C1-4092-8453-BD2CB6F20A73}"
EndProject
Project("{9A19103F-16F7-4668-BE54-9A1E7A4F7556}") = "Models", "Models\Models.csproj", "{8696BA0E-BC1F-44D1-94BA-78FBBA6B3DE6}"
EndProject
Project("{9A19103F-16F7-4668-BE54-9A1E7A4F7556}") = "DataContext", "DataContext\DataContext.csproj", "{7DE6EB10-E6A1-46AE-9B02-C3326C8E021A}"
	ProjectSection(ProjectDependencies) = postProject
		{8696BA0E-BC1F-44D1-94BA-78FBBA6B3DE6} = {8696BA0E-BC1F-44D1-94BA-78FBBA6B3DE6}
	EndProjectSection
EndProject
Project("{9A19103F-16F7-4668-BE54-9A1E7A4F7556}") = "DataAccess", "DataAccess\DataAccess.csproj", "{7511F434-CB59-4BA2-846D-CA06CB2956E5}"
EndProject
Project("{2150E333-8FDC-42A3-9474-1A3956D46DE8}") = "Services", "Services", "{2D20D50C-91FC-41FB-970D-8E78639CB639}"
EndProject
Project("{9A19103F-16F7-4668-BE54-9A1E7A4F7556}") = "MailService", "MailService\MailService.csproj", "{350D1790-4E77-4A62-BDF2-59D62B06B7EC}"
EndProject
Project("{9A19103F-16F7-4668-BE54-9A1E7A4F7556}") = "SmsService", "SmsService\SmsService.csproj", "{BE57FC12-0E55-4D9A-988F-C715B9A4DFEC}"
EndProject
Project("{9A19103F-16F7-4668-BE54-9A1E7A4F7556}") = "NotificationServices", "NotificationServices\NotificationServices.csproj", "{B42C2581-71FA-4FBA-8731-D51BB532B5FE}"
EndProject
Project("{2150E333-8FDC-42A3-9474-1A3956D46DE8}") = "Reporting", "Reporting", "{9D7090DE-2525-4714-B7E0-40A56DA0EB22}"
EndProject
Project("{FAE04EC0-301F-11D3-BF4B-00C04F79EFBC}") = "dotNetReports", "dotNetReports\dotNetReports.csproj", "{7D59DCD0-BE99-4264-84A3-35E613485861}"
EndProject
Project("{FAE04EC0-301F-11D3-BF4B-00C04F79EFBC}") = "EPayment", "EPayment\EPayment.csproj", "{41B7B85D-89AC-4883-86BA-AEF77DE69D43}"
EndProject
Global
	GlobalSection(SolutionConfigurationPlatforms) = preSolution
		Debug|Any CPU = Debug|Any CPU
		Release|Any CPU = Release|Any CPU
	EndGlobalSection
	GlobalSection(ProjectConfigurationPlatforms) = postSolution
		{DCFFE788-DB87-435E-8617-C0092AFBADE6}.Debug|Any CPU.ActiveCfg = Debug|Any CPU
		{DCFFE788-DB87-435E-8617-C0092AFBADE6}.Debug|Any CPU.Build.0 = Debug|Any CPU
		{DCFFE788-DB87-435E-8617-C0092AFBADE6}.Release|Any CPU.ActiveCfg = Release|Any CPU
		{DCFFE788-DB87-435E-8617-C0092AFBADE6}.Release|Any CPU.Build.0 = Release|Any CPU
		{8696BA0E-BC1F-44D1-94BA-78FBBA6B3DE6}.Debug|Any CPU.ActiveCfg = Debug|Any CPU
		{8696BA0E-BC1F-44D1-94BA-78FBBA6B3DE6}.Debug|Any CPU.Build.0 = Debug|Any CPU
		{8696BA0E-BC1F-44D1-94BA-78FBBA6B3DE6}.Release|Any CPU.ActiveCfg = Release|Any CPU
		{8696BA0E-BC1F-44D1-94BA-78FBBA6B3DE6}.Release|Any CPU.Build.0 = Release|Any CPU
		{7DE6EB10-E6A1-46AE-9B02-C3326C8E021A}.Debug|Any CPU.ActiveCfg = Debug|Any CPU
		{7DE6EB10-E6A1-46AE-9B02-C3326C8E021A}.Debug|Any CPU.Build.0 = Debug|Any CPU
		{7DE6EB10-E6A1-46AE-9B02-C3326C8E021A}.Release|Any CPU.ActiveCfg = Release|Any CPU
		{7DE6EB10-E6A1-46AE-9B02-C3326C8E021A}.Release|Any CPU.Build.0 = Release|Any CPU
		{7511F434-CB59-4BA2-846D-CA06CB2956E5}.Debug|Any CPU.ActiveCfg = Debug|Any CPU
		{7511F434-CB59-4BA2-846D-CA06CB2956E5}.Debug|Any CPU.Build.0 = Debug|Any CPU
		{7511F434-CB59-4BA2-846D-CA06CB2956E5}.Release|Any CPU.ActiveCfg = Release|Any CPU
		{7511F434-CB59-4BA2-846D-CA06CB2956E5}.Release|Any CPU.Build.0 = Release|Any CPU
		{350D1790-4E77-4A62-BDF2-59D62B06B7EC}.Debug|Any CPU.ActiveCfg = Debug|Any CPU
		{350D1790-4E77-4A62-BDF2-59D62B06B7EC}.Debug|Any CPU.Build.0 = Debug|Any CPU
		{350D1790-4E77-4A62-BDF2-59D62B06B7EC}.Release|Any CPU.ActiveCfg = Release|Any CPU
		{350D1790-4E77-4A62-BDF2-59D62B06B7EC}.Release|Any CPU.Build.0 = Release|Any CPU
		{BE57FC12-0E55-4D9A-988F-C715B9A4DFEC}.Debug|Any CPU.ActiveCfg = Debug|Any CPU
		{BE57FC12-0E55-4D9A-988F-C715B9A4DFEC}.Debug|Any CPU.Build.0 = Debug|Any CPU
		{BE57FC12-0E55-4D9A-988F-C715B9A4DFEC}.Release|Any CPU.ActiveCfg = Release|Any CPU
		{BE57FC12-0E55-4D9A-988F-C715B9A4DFEC}.Release|Any CPU.Build.0 = Release|Any CPU
		{B42C2581-71FA-4FBA-8731-D51BB532B5FE}.Debug|Any CPU.ActiveCfg = Debug|Any CPU
		{B42C2581-71FA-4FBA-8731-D51BB532B5FE}.Debug|Any CPU.Build.0 = Debug|Any CPU
		{B42C2581-71FA-4FBA-8731-D51BB532B5FE}.Release|Any CPU.ActiveCfg = Release|Any CPU
		{B42C2581-71FA-4FBA-8731-D51BB532B5FE}.Release|Any CPU.Build.0 = Release|Any CPU
		{7D59DCD0-BE99-4264-84A3-35E613485861}.Debug|Any CPU.ActiveCfg = Debug|Any CPU
		{7D59DCD0-BE99-4264-84A3-35E613485861}.Debug|Any CPU.Build.0 = Debug|Any CPU
		{7D59DCD0-BE99-4264-84A3-35E613485861}.Release|Any CPU.ActiveCfg = Release|Any CPU
		{7D59DCD0-BE99-4264-84A3-35E613485861}.Release|Any CPU.Build.0 = Release|Any CPU
		{41B7B85D-89AC-4883-86BA-AEF77DE69D43}.Debug|Any CPU.ActiveCfg = Debug|Any CPU
		{41B7B85D-89AC-4883-86BA-AEF77DE69D43}.Debug|Any CPU.Build.0 = Debug|Any CPU
		{41B7B85D-89AC-4883-86BA-AEF77DE69D43}.Release|Any CPU.ActiveCfg = Release|Any CPU
		{41B7B85D-89AC-4883-86BA-AEF77DE69D43}.Release|Any CPU.Build.0 = Release|Any CPU
	EndGlobalSection
	GlobalSection(SolutionProperties) = preSolution
		HideSolutionNode = FALSE
	EndGlobalSection
	GlobalSection(NestedProjects) = preSolution
		{8696BA0E-BC1F-44D1-94BA-78FBBA6B3DE6} = {F558CD8B-05C1-4092-8453-BD2CB6F20A73}
		{7DE6EB10-E6A1-46AE-9B02-C3326C8E021A} = {F558CD8B-05C1-4092-8453-BD2CB6F20A73}
		{7511F434-CB59-4BA2-846D-CA06CB2956E5} = {F558CD8B-05C1-4092-8453-BD2CB6F20A73}
		{350D1790-4E77-4A62-BDF2-59D62B06B7EC} = {2D20D50C-91FC-41FB-970D-8E78639CB639}
		{BE57FC12-0E55-4D9A-988F-C715B9A4DFEC} = {2D20D50C-91FC-41FB-970D-8E78639CB639}
		{B42C2581-71FA-4FBA-8731-D51BB532B5FE} = {2D20D50C-91FC-41FB-970D-8E78639CB639}
		{7D59DCD0-BE99-4264-84A3-35E613485861} = {9D7090DE-2525-4714-B7E0-40A56DA0EB22}
		{41B7B85D-89AC-4883-86BA-AEF77DE69D43} = {2D20D50C-91FC-41FB-970D-8E78639CB639}
	EndGlobalSection
	GlobalSection(ExtensibilityGlobals) = postSolution
		SolutionGuid = {0994E8B4-5C3F-4116-AC02-01F0C99DCA5A}
	EndGlobalSection
EndGlobal
